{
  "originHash" : "7b34e37a7f428bec9b869f1956aadf3df87017214d6eebe4624a7f9855726aa7",
  "pins" : [
    {
      "identity" : "sgappkit",
      "kind" : "remoteSourceControl",
      "location" : "https://github.com/pclwillmott/SGAppKit",
      "state" : {
        "revision" : "504c414ab2533469be89aecae7392cee2697e4a4",
        "version" : "0.0.12"
      }
    },
    {
      "identity" : "sginteger",
      "kind" : "remoteSourceControl",
      "location" : "https://github.com/pclwillmott/SGInteger",
      "state" : {
        "revision" : "bc2b2ac6213c74cc6a13d5018e2340f6e116861a",
        "version" : "0.0.6"
      }
    },
    {
      "identity" : "sgunitconversion",
      "kind" : "remoteSourceControl",
      "location" : "https://github.com/pclwillmott/SGUnitConversion",
      "state" : {
        "revision" : "e838bae513d695d92b3fd9b809e0cfe83c1b19cd",
        "version" : "0.0.5"
      }
    }
  ],
  "version" : 3
}
