{
  "originHash" : "5959ec6aae0b58aa82d6f1f96b545d8cef14567410aaa28dc062cb3354f0cc15",
  "pins" : [
    {
      "identity" : "sgappkit",
      "kind" : "remoteSourceControl",
      "location" : "https://github.com/pclwillmott/SGAppKit",
      "state" : {
        "revision" : "c3bf9623e6f16fcae0ebf3099564545df851fbf5",
        "version" : "0.0.6"
      }
    },
    {
      "identity" : "sginteger",
      "kind" : "remoteSourceControl",
      "location" : "https://github.com/pclwillmott/SGInteger",
      "state" : {
        "revision" : "bc2b2ac6213c74cc6a13d5018e2340f6e116861a",
        "version" : "0.0.6"
      }
    },
    {
      "identity" : "sgunitconversion",
      "kind" : "remoteSourceControl",
      "location" : "https://github.com/pclwillmott/SGUnitConversion",
      "state" : {
        "revision" : "e838bae513d695d92b3fd9b809e0cfe83c1b19cd",
        "version" : "0.0.5"
      }
    }
  ],
  "version" : 3
}
